
Microsoft Visual Studio Solution File, Format Version 12.00
# Visual Studio Version 17
VisualStudioVersion = 17.2.32505.173
MinimumVisualStudioVersion = 10.0.40219.1
Project("{9A19103F-16F7-4668-BE54-9A1E7A4F7556}") = "ClassesEObjetos", "ClassesEObjetos\ClassesEObjetos.csproj", "{B14C5A2B-9D4B-4D25-97C1-B7E2E0F3E32F}"
EndProject
Global
	GlobalSection(SolutionConfigurationPlatforms) = preSolution
		Debug|Any CPU = Debug|Any CPU
		Release|Any CPU = Release|Any CPU
	EndGlobalSection
	GlobalSection(ProjectConfigurationPlatforms) = postSolution
		{B14C5A2B-9D4B-4D25-97C1-B7E2E0F3E32F}.Debug|Any CPU.ActiveCfg = Debug|Any CPU
		{B14C5A2B-9D4B-4D25-97C1-B7E2E0F3E32F}.Debug|Any CPU.Build.0 = Debug|Any CPU
		{B14C5A2B-9D4B-4D25-97C1-B7E2E0F3E32F}.Release|Any CPU.ActiveCfg = Release|Any CPU
		{B14C5A2B-9D4B-4D25-97C1-B7E2E0F3E32F}.Release|Any CPU.Build.0 = Release|Any CPU
	EndGlobalSection
	GlobalSection(SolutionProperties) = preSolution
		HideSolutionNode = FALSE
	EndGlobalSection
	GlobalSection(ExtensibilityGlobals) = postSolution
		SolutionGuid = {10285F5C-875D-4479-AECA-19ECBE3D45B7}
	EndGlobalSection
EndGlobal
